<?xml version="1.0" encoding="utf-8"?>
<Project ToolsVersion="4.0" xmlns="http://schemas.microsoft.com/developer/msbuild/2003">
  <ItemGroup>
    <Filter Include="소스 파일">
      <UniqueIdentifier>{4FC737F1-C7A5-4376-A066-2A32D752A2FF}</UniqueIdentifier>
      <Extensions>cpp;c;cc;cxx;def;odl;idl;hpj;bat;asm;asmx</Extensions>
    </Filter>
    <Filter Include="헤더 파일">
      <UniqueIdentifier>{93995380-89BD-4b04-88EB-625FBE52EBFB}</UniqueIdentifier>
      <Extensions>h;hh;hpp;hxx;hm;inl;inc;ipp;xsd</Extensions>
    </Filter>
    <Filter Include="리소스 파일">
      <UniqueIdentifier>{67DA6AB6-F800-4c08-8B7A-83BB121AAD01}</UniqueIdentifier>
      <Extensions>rc;ico;cur;bmp;dlg;rc2;rct;bin;rgs;gif;jpg;jpeg;jpe;resx;tiff;tif;png;wav;mfcribbon-ms</Extensions>
    </Filter>
    <Filter Include="2DFrameWork">
      <UniqueIdentifier>{bf9f9802-f2d1-4ac4-ad38-4037808540c3}</UniqueIdentifier>
    </Filter>
    <Filter Include="MainGame">
      <UniqueIdentifier>{8ff6950c-c170-47da-9191-cdf84907f119}</UniqueIdentifier>
    </Filter>
    <Filter Include="2DFrameWork\Timer">
      <UniqueIdentifier>{4d44047e-1875-4a24-bd08-a41899151631}</UniqueIdentifier>
    </Filter>
    <Filter Include="2DFrameWork\Animation">
      <UniqueIdentifier>{41f0a92c-027e-4c6d-a9aa-d42bac1d47d0}</UniqueIdentifier>
    </Filter>
    <Filter Include="2DFrameWork\Button">
      <UniqueIdentifier>{d9dcd54f-851d-4cc9-8a0a-b5693989478e}</UniqueIdentifier>
    </Filter>
    <Filter Include="2DFrameWork\Manager">
      <UniqueIdentifier>{621f178a-4b85-405a-a164-1fef78241c37}</UniqueIdentifier>
    </Filter>
    <Filter Include="MainGame\Missile">
      <UniqueIdentifier>{24fb1223-b4ca-471d-b1c3-49103a3ee818}</UniqueIdentifier>
    </Filter>
    <Filter Include="MainGame\Scene">
      <UniqueIdentifier>{cee90f6c-5c71-432d-8ebb-24d9a43863f2}</UniqueIdentifier>
    </Filter>
    <Filter Include="2DFrameWork\MapTool">
      <UniqueIdentifier>{5922a8a7-3ce5-4f2e-9e03-62ec6a688893}</UniqueIdentifier>
    </Filter>
    <Filter Include="MainGame\Character">
      <UniqueIdentifier>{a120c754-fbee-485c-a592-0a295e8ed187}</UniqueIdentifier>
    </Filter>
    <Filter Include="MainGame\Character\Enemy">
      <UniqueIdentifier>{2467ca4b-21de-49cf-90f1-dbe8889a2ce7}</UniqueIdentifier>
    </Filter>
    <Filter Include="MainGame\Item">
      <UniqueIdentifier>{949e9269-f677-4e94-a1e0-db92e37a7a0a}</UniqueIdentifier>
    </Filter>
    <Filter Include="2DFrameWork\CircularQueue">
      <UniqueIdentifier>{6efe6ba8-58ed-455a-a453-63a00676e902}</UniqueIdentifier>
    </Filter>
  </ItemGroup>
  <ItemGroup>
    <ClCompile Include="main.cpp">
      <Filter>소스 파일</Filter>
    </ClCompile>
    <ClCompile Include="Animation.cpp">
      <Filter>2DFrameWork\Animation</Filter>
    </ClCompile>
    <ClCompile Include="Button.cpp">
      <Filter>2DFrameWork\Button</Filter>
    </ClCompile>
    <ClCompile Include="ButtonFunction.cpp">
      <Filter>2DFrameWork\Button</Filter>
    </ClCompile>
    <ClCompile Include="Image.cpp">
      <Filter>2DFrameWork</Filter>
    </ClCompile>
    <ClCompile Include="ImageManager.cpp">
      <Filter>2DFrameWork\Manager</Filter>
    </ClCompile>
    <ClCompile Include="KeyManager.cpp">
      <Filter>2DFrameWork\Manager</Filter>
    </ClCompile>
    <ClCompile Include="SceneManager.cpp">
      <Filter>2DFrameWork\Manager</Filter>
    </ClCompile>
    <ClCompile Include="MainGame.cpp">
      <Filter>MainGame</Filter>
    </ClCompile>
    <ClCompile Include="TimerManager.cpp">
      <Filter>2DFrameWork\Manager</Filter>
    </ClCompile>
    <ClCompile Include="SoundManager.cpp">
      <Filter>2DFrameWork\Manager</Filter>
    </ClCompile>
    <ClCompile Include="TileMapToolScene.cpp">
      <Filter>2DFrameWork\MapTool</Filter>
    </ClCompile>
    <ClCompile Include="Timer.cpp">
      <Filter>2DFrameWork\Timer</Filter>
    </ClCompile>
    <ClCompile Include="GameNode.cpp">
      <Filter>2DFrameWork</Filter>
    </ClCompile>
    <ClCompile Include="Character.cpp">
      <Filter>MainGame\Character</Filter>
    </ClCompile>
    <ClCompile Include="Player.cpp">
      <Filter>MainGame\Character</Filter>
    </ClCompile>
    <ClCompile Include="Enemy.cpp">
      <Filter>MainGame\Character</Filter>
    </ClCompile>
    <ClCompile Include="TitleScene.cpp">
      <Filter>MainGame\Scene</Filter>
    </ClCompile>
    <ClCompile Include="BattleScene.cpp">
      <Filter>MainGame\Scene</Filter>
    </ClCompile>
    <ClCompile Include="Missile.cpp">
      <Filter>MainGame\Missile</Filter>
    </ClCompile>
    <ClCompile Include="MissileManager.cpp">
      <Filter>MainGame\Missile</Filter>
    </ClCompile>
    <ClCompile Include="Item.cpp">
      <Filter>MainGame\Item</Filter>
    </ClCompile>
    <ClCompile Include="LoadingScene.cpp">
      <Filter>MainGame\Scene</Filter>
    </ClCompile>
    <ClCompile Include="EnemyManager.cpp">
      <Filter>MainGame\Character</Filter>
    </ClCompile>
    <ClCompile Include="UI.cpp">
      <Filter>MainGame\Scene</Filter>
    </ClCompile>
    <ClCompile Include="CircularQueue.cpp">
      <Filter>2DFrameWork\CircularQueue</Filter>
    </ClCompile>
    <ClCompile Include="EndingScene.cpp">
      <Filter>소스 파일</Filter>
    </ClCompile>
  </ItemGroup>
  <ItemGroup>
    <ClInclude Include="Animation.h">
      <Filter>2DFrameWork\Animation</Filter>
    </ClInclude>
    <ClInclude Include="Button.h">
      <Filter>2DFrameWork\Button</Filter>
    </ClInclude>
    <ClInclude Include="ButtonFunction.h">
      <Filter>2DFrameWork\Button</Filter>
    </ClInclude>
    <ClInclude Include="Image.h">
      <Filter>2DFrameWork</Filter>
    </ClInclude>
    <ClInclude Include="KeyManager.h">
      <Filter>2DFrameWork\Manager</Filter>
    </ClInclude>
    <ClInclude Include="ImageManager.h">
      <Filter>2DFrameWork\Manager</Filter>
    </ClInclude>
    <ClInclude Include="SceneManager.h">
      <Filter>2DFrameWork\Manager</Filter>
    </ClInclude>
    <ClInclude Include="MainGame.h">
      <Filter>MainGame</Filter>
    </ClInclude>
    <ClInclude Include="pch.h">
      <Filter>헤더 파일</Filter>
    </ClInclude>
    <ClInclude Include="TimerManager.h">
      <Filter>2DFrameWork\Manager</Filter>
    </ClInclude>
    <ClInclude Include="SoundManager.h">
      <Filter>2DFrameWork\Manager</Filter>
    </ClInclude>
    <ClInclude Include="TileMapToolScene.h">
      <Filter>2DFrameWork\MapTool</Filter>
    </ClInclude>
    <ClInclude Include="Timer.h">
      <Filter>2DFrameWork\Timer</Filter>
    </ClInclude>
    <ClInclude Include="GameNode.h">
      <Filter>2DFrameWork</Filter>
    </ClInclude>
    <ClInclude Include="Singleton.h">
      <Filter>2DFrameWork\Manager</Filter>
    </ClInclude>
    <ClInclude Include="Character.h">
      <Filter>MainGame\Character</Filter>
    </ClInclude>
    <ClInclude Include="Player.h">
      <Filter>MainGame\Character</Filter>
    </ClInclude>
    <ClInclude Include="Enemy.h">
      <Filter>MainGame\Character</Filter>
    </ClInclude>
    <ClInclude Include="TitleScene.h">
      <Filter>MainGame\Scene</Filter>
    </ClInclude>
    <ClInclude Include="BattleScene.h">
      <Filter>MainGame\Scene</Filter>
    </ClInclude>
    <ClInclude Include="Missile.h">
      <Filter>MainGame\Missile</Filter>
    </ClInclude>
    <ClInclude Include="MissileManager.h">
      <Filter>MainGame\Missile</Filter>
    </ClInclude>
    <ClInclude Include="Item.h">
      <Filter>MainGame\Item</Filter>
    </ClInclude>
    <ClInclude Include="LoadingScene.h">
      <Filter>MainGame\Scene</Filter>
    </ClInclude>
    <ClInclude Include="EnemyManager.h">
      <Filter>MainGame\Character</Filter>
    </ClInclude>
    <ClInclude Include="UI.h">
      <Filter>MainGame\Scene</Filter>
    </ClInclude>
    <ClInclude Include="CircularQueue.h">
      <Filter>2DFrameWork\CircularQueue</Filter>
    </ClInclude>
    <ClInclude Include="EndingScene.h">
      <Filter>헤더 파일</Filter>
    </ClInclude>
  </ItemGroup>
</Project>